%{"hackney": {:git, "git://github.com/benoitc/hackney.git", "e18bdd2f68840c8fddd77875b06079087290e5cc", []},
  "hackney_lib": {:git, "https://github.com/benoitc/hackney_lib.git", "48a5a3fc64892c95e4e3efdd464f26ca5683d2f9", [tag: "0.3.0"]},
  "httpoison": {:git, "git://github.com/edgurgel/httpoison.git", "aacfb553a446bd2b67d88428481378e8a3c4f41e", []},
  "idna": {:git, "git://github.com/benoitc/erlang-idna.git", "21aa158b7f36bf2a000f12fe40d7f21eece9cf65", [tag: "hackney-0.11.2"]},
  "jsex": {:git, "git://github.com/talentdeficit/jsex.git", "65aa6ae7c1543a0c4e83032c04626af7be7a7f3e", []},
  "json": {:git, "git://github.com/cblage/elixir-json.git", "a50642c957a017fdcff4b06337b211f85bc8f653", []},
  "jsx": {:git, "git://github.com/talentdeficit/jsx.git", "e50af6e109cb03bd26acf715cbc77de746507d1d", [tag: "v1.4.3"]},
  "meck": {:git, "git://github.com/eproxus/meck.git", "2447206f201bab1054c49cd32621eee23fa0ee3b", [tag: "0.7.2"]},
  "mimetypes": {:git, "git://github.com/spawngrid/mimetypes.git", "47d37a977a7d633199822bf6b08353007483d00f", [ref: "master"]},
  "mock": {:git, "git://github.com/jjh42/mock.git", "e54a8f8ac3b69b5a610399f7fb5efe65446526eb", []}}
